// !$*UTF8*$!
{
	archiveVersion = 1;
	classes = {
	};
	objectVersion = 55;
	objects = {

/* Begin PBXBuildFile section */
		82010EBD2728F89F00317476 /* AppDelegate.swift in Sources */ = {isa = PBXBuildFile; fileRef = 82010EBC2728F89F00317476 /* AppDelegate.swift */; };
		82010EBF2728F89F00317476 /* SceneDelegate.swift in Sources */ = {isa = PBXBuildFile; fileRef = 82010EBE2728F89F00317476 /* SceneDelegate.swift */; };
		82010EC42728F89F00317476 /* Main.storyboard in Resources */ = {isa = PBXBuildFile; fileRef = 82010EC22728F89F00317476 /* Main.storyboard */; };
		82010EC62728F8A300317476 /* Assets.xcassets in Resources */ = {isa = PBXBuildFile; fileRef = 82010EC52728F8A300317476 /* Assets.xcassets */; };
		82010EC92728F8A300317476 /* LaunchScreen.storyboard in Resources */ = {isa = PBXBuildFile; fileRef = 82010EC72728F8A300317476 /* LaunchScreen.storyboard */; };
		8210CB0E272A8C1600643A6F /* ViewProductController.swift in Sources */ = {isa = PBXBuildFile; fileRef = 8210CB0D272A8C1600643A6F /* ViewProductController.swift */; };
		8210CB10272A8C7B00643A6F /* ReviewScanController.swift in Sources */ = {isa = PBXBuildFile; fileRef = 8210CB0F272A8C7B00643A6F /* ReviewScanController.swift */; };
		8210CB12272A8CA100643A6F /* EmptyProductViewController.swift in Sources */ = {isa = PBXBuildFile; fileRef = 8210CB11272A8CA100643A6F /* EmptyProductViewController.swift */; };
		8210CB14272A8CD900643A6F /* WithProductViewController.swift in Sources */ = {isa = PBXBuildFile; fileRef = 8210CB13272A8CD900643A6F /* WithProductViewController.swift */; };
		8210CB16272A8CF200643A6F /* HomeViewController.swift in Sources */ = {isa = PBXBuildFile; fileRef = 8210CB15272A8CF200643A6F /* HomeViewController.swift */; };
		8210CB19272A8DFE00643A6F /* ManageData.swift in Sources */ = {isa = PBXBuildFile; fileRef = 8210CB18272A8DFE00643A6F /* ManageData.swift */; };
		8210CB1C272A981400643A6F /* ProductTableCell.swift in Sources */ = {isa = PBXBuildFile; fileRef = 8210CB1B272A981400643A6F /* ProductTableCell.swift */; };
		8210CB1E272A982E00643A6F /* ProductsTableCell.swift in Sources */ = {isa = PBXBuildFile; fileRef = 8210CB1D272A982E00643A6F /* ProductsTableCell.swift */; };
		8210CB20272A984300643A6F /* ReviewScanTableCell.swift in Sources */ = {isa = PBXBuildFile; fileRef = 8210CB1F272A984300643A6F /* ReviewScanTableCell.swift */; };
		82E5F7D4272A67C800FDBA57 /* QRScannerController.swift in Sources */ = {isa = PBXBuildFile; fileRef = 82E5F7D3272A67C800FDBA57 /* QRScannerController.swift */; };
		82EB485D272ABE7D00D698B0 /* Extensions.swift in Sources */ = {isa = PBXBuildFile; fileRef = 82EB485C272ABE7D00D698B0 /* Extensions.swift */; };
/* End PBXBuildFile section */

/* Begin PBXFileReference section */
		82010EB92728F89F00317476 /* Axel_Mob_Dev_test.app */ = {isa = PBXFileReference; explicitFileType = wrapper.application; includeInIndex = 0; path = Axel_Mob_Dev_test.app; sourceTree = BUILT_PRODUCTS_DIR; };
		82010EBC2728F89F00317476 /* AppDelegate.swift */ = {isa = PBXFileReference; lastKnownFileType = sourcecode.swift; path = AppDelegate.swift; sourceTree = "<group>"; };
		82010EBE2728F89F00317476 /* SceneDelegate.swift */ = {isa = PBXFileReference; lastKnownFileType = sourcecode.swift; path = SceneDelegate.swift; sourceTree = "<group>"; };
		82010EC32728F89F00317476 /* Base */ = {isa = PBXFileReference; lastKnownFileType = file.storyboard; name = Base; path = Base.lproj/Main.storyboard; sourceTree = "<group>"; };
		82010EC52728F8A300317476 /* Assets.xcassets */ = {isa = PBXFileReference; lastKnownFileType = folder.assetcatalog; path = Assets.xcassets; sourceTree = "<group>"; };
		82010EC82728F8A300317476 /* Base */ = {isa = PBXFileReference; lastKnownFileType = file.storyboard; name = Base; path = Base.lproj/LaunchScreen.storyboard; sourceTree = "<group>"; };
		82010ECA2728F8A300317476 /* Info.plist */ = {isa = PBXFileReference; lastKnownFileType = text.plist.xml; path = Info.plist; sourceTree = "<group>"; };
		8210CB0D272A8C1600643A6F /* ViewProductController.swift */ = {isa = PBXFileReference; lastKnownFileType = sourcecode.swift; path = ViewProductController.swift; sourceTree = "<group>"; };
		8210CB0F272A8C7B00643A6F /* ReviewScanController.swift */ = {isa = PBXFileReference; lastKnownFileType = sourcecode.swift; path = ReviewScanController.swift; sourceTree = "<group>"; };
		8210CB11272A8CA100643A6F /* EmptyProductViewController.swift */ = {isa = PBXFileReference; lastKnownFileType = sourcecode.swift; path = EmptyProductViewController.swift; sourceTree = "<group>"; };
		8210CB13272A8CD900643A6F /* WithProductViewController.swift */ = {isa = PBXFileReference; lastKnownFileType = sourcecode.swift; path = WithProductViewController.swift; sourceTree = "<group>"; };
		8210CB15272A8CF200643A6F /* HomeViewController.swift */ = {isa = PBXFileReference; lastKnownFileType = sourcecode.swift; path = HomeViewController.swift; sourceTree = "<group>"; };
		8210CB18272A8DFE00643A6F /* ManageData.swift */ = {isa = PBXFileReference; lastKnownFileType = sourcecode.swift; path = ManageData.swift; sourceTree = "<group>"; };
		8210CB1B272A981400643A6F /* ProductTableCell.swift */ = {isa = PBXFileReference; lastKnownFileType = sourcecode.swift; path = ProductTableCell.swift; sourceTree = "<group>"; };
		8210CB1D272A982E00643A6F /* ProductsTableCell.swift */ = {isa = PBXFileReference; lastKnownFileType = sourcecode.swift; path = ProductsTableCell.swift; sourceTree = "<group>"; };
		8210CB1F272A984300643A6F /* ReviewScanTableCell.swift */ = {isa = PBXFileReference; lastKnownFileType = sourcecode.swift; path = ReviewScanTableCell.swift; sourceTree = "<group>"; };
		82E5F7D3272A67C800FDBA57 /* QRScannerController.swift */ = {isa = PBXFileReference; lastKnownFileType = sourcecode.swift; path = QRScannerController.swift; sourceTree = "<group>"; };
		82EB485C272ABE7D00D698B0 /* Extensions.swift */ = {isa = PBXFileReference; lastKnownFileType = sourcecode.swift; path = Extensions.swift; sourceTree = "<group>"; };
/* End PBXFileReference section */

/* Begin PBXFrameworksBuildPhase section */
		82010EB62728F89F00317476 /* Frameworks */ = {
			isa = PBXFrameworksBuildPhase;
			buildActionMask = 2147483647;
			files = (
			);
			runOnlyForDeploymentPostprocessing = 0;
		};
/* End PBXFrameworksBuildPhase section */

/* Begin PBXGroup section */
		82010EB02728F89F00317476 = {
			isa = PBXGroup;
			children = (
				82010EBB2728F89F00317476 /* Axel_Mob_Dev_test */,
				82010EBA2728F89F00317476 /* Products */,
			);
			sourceTree = "<group>";
		};
		82010EBA2728F89F00317476 /* Products */ = {
			isa = PBXGroup;
			children = (
				82010EB92728F89F00317476 /* Axel_Mob_Dev_test.app */,
			);
			name = Products;
			sourceTree = "<group>";
		};
		82010EBB2728F89F00317476 /* Axel_Mob_Dev_test */ = {
			isa = PBXGroup;
			children = (
				82EB485B272ABE6000D698B0 /* ViewModel */,
				82EB485A272ABDE800D698B0 /* Controller */,
				8210CB1A272A97E600643A6F /* VIews */,
				8210CB17272A8DF400643A6F /* Model */,
				82010EBC2728F89F00317476 /* AppDelegate.swift */,
				82010EBE2728F89F00317476 /* SceneDelegate.swift */,
				82010EC22728F89F00317476 /* Main.storyboard */,
				82010EC52728F8A300317476 /* Assets.xcassets */,
				82010EC72728F8A300317476 /* LaunchScreen.storyboard */,
				82010ECA2728F8A300317476 /* Info.plist */,
			);
			path = Axel_Mob_Dev_test;
			sourceTree = "<group>";
		};
		8210CB17272A8DF400643A6F /* Model */ = {
			isa = PBXGroup;
			children = (
				8210CB18272A8DFE00643A6F /* ManageData.swift */,
			);
			path = Model;
			sourceTree = "<group>";
		};
		8210CB1A272A97E600643A6F /* VIews */ = {
			isa = PBXGroup;
			children = (
				8210CB1B272A981400643A6F /* ProductTableCell.swift */,
				8210CB1D272A982E00643A6F /* ProductsTableCell.swift */,
				8210CB1F272A984300643A6F /* ReviewScanTableCell.swift */,
			);
			path = VIews;
			sourceTree = "<group>";
		};
		82EB485A272ABDE800D698B0 /* Controller */ = {
			isa = PBXGroup;
			children = (
				82E5F7D3272A67C800FDBA57 /* QRScannerController.swift */,
				8210CB0D272A8C1600643A6F /* ViewProductController.swift */,
				8210CB0F272A8C7B00643A6F /* ReviewScanController.swift */,
				8210CB11272A8CA100643A6F /* EmptyProductViewController.swift */,
				8210CB13272A8CD900643A6F /* WithProductViewController.swift */,
				8210CB15272A8CF200643A6F /* HomeViewController.swift */,
			);
			path = Controller;
			sourceTree = "<group>";
		};
		82EB485B272ABE6000D698B0 /* ViewModel */ = {
			isa = PBXGroup;
			children = (
				82EB485C272ABE7D00D698B0 /* Extensions.swift */,
			);
			path = ViewModel;
			sourceTree = "<group>";
		};
/* End PBXGroup section */

/* Begin PBXNativeTarget section */
		82010EB82728F89F00317476 /* Axel_Mob_Dev_test */ = {
			isa = PBXNativeTarget;
			buildConfigurationList = 82010ECD2728F8A300317476 /* Build configuration list for PBXNativeTarget "Axel_Mob_Dev_test" */;
			buildPhases = (
				82010EB52728F89F00317476 /* Sources */,
				82010EB62728F89F00317476 /* Frameworks */,
				82010EB72728F89F00317476 /* Resources */,
			);
			buildRules = (
			);
			dependencies = (
			);
			name = Axel_Mob_Dev_test;
			productName = Axel_Mob_Dev_test;
			productReference = 82010EB92728F89F00317476 /* Axel_Mob_Dev_test.app */;
			productType = "com.apple.product-type.application";
		};
/* End PBXNativeTarget section */

/* Begin PBXProject section */
		82010EB12728F89F00317476 /* Project object */ = {
			isa = PBXProject;
			attributes = {
				BuildIndependentTargetsInParallel = 1;
				LastSwiftUpdateCheck = 1300;
				LastUpgradeCheck = 1300;
				TargetAttributes = {
					82010EB82728F89F00317476 = {
						CreatedOnToolsVersion = 13.0;
					};
				};
			};
			buildConfigurationList = 82010EB42728F89F00317476 /* Build configuration list for PBXProject "Axel_Mob_Dev_test" */;
			compatibilityVersion = "Xcode 13.0";
			developmentRegion = en;
			hasScannedForEncodings = 0;
			knownRegions = (
				en,
				Base,
			);
			mainGroup = 82010EB02728F89F00317476;
			productRefGroup = 82010EBA2728F89F00317476 /* Products */;
			projectDirPath = "";
			projectRoot = "";
			targets = (
				82010EB82728F89F00317476 /* Axel_Mob_Dev_test */,
			);
		};
/* End PBXProject section */

/* Begin PBXResourcesBuildPhase section */
		82010EB72728F89F00317476 /* Resources */ = {
			isa = PBXResourcesBuildPhase;
			buildActionMask = 2147483647;
			files = (
				82010EC92728F8A300317476 /* LaunchScreen.storyboard in Resources */,
				82010EC62728F8A300317476 /* Assets.xcassets in Resources */,
				82010EC42728F89F00317476 /* Main.storyboard in Resources */,
			);
			runOnlyForDeploymentPostprocessing = 0;
		};
/* End PBXResourcesBuildPhase section */

/* Begin PBXSourcesBuildPhase section */
		82010EB52728F89F00317476 /* Sources */ = {
			isa = PBXSourcesBuildPhase;
			buildActionMask = 2147483647;
			files = (
				8210CB10272A8C7B00643A6F /* ReviewScanController.swift in Sources */,
				8210CB0E272A8C1600643A6F /* ViewProductController.swift in Sources */,
				82E5F7D4272A67C800FDBA57 /* QRScannerController.swift in Sources */,
				8210CB12272A8CA100643A6F /* EmptyProductViewController.swift in Sources */,
				8210CB1C272A981400643A6F /* ProductTableCell.swift in Sources */,
				8210CB16272A8CF200643A6F /* HomeViewController.swift in Sources */,
				82010EBD2728F89F00317476 /* AppDelegate.swift in Sources */,
				8210CB14272A8CD900643A6F /* WithProductViewController.swift in Sources */,
				82EB485D272ABE7D00D698B0 /* Extensions.swift in Sources */,
				8210CB19272A8DFE00643A6F /* ManageData.swift in Sources */,
				82010EBF2728F89F00317476 /* SceneDelegate.swift in Sources */,
				8210CB1E272A982E00643A6F /* ProductsTableCell.swift in Sources */,
				8210CB20272A984300643A6F /* ReviewScanTableCell.swift in Sources */,
			);
			runOnlyForDeploymentPostprocessing = 0;
		};
/* End PBXSourcesBuildPhase section */

/* Begin PBXVariantGroup section */
		82010EC22728F89F00317476 /* Main.storyboard */ = {
			isa = PBXVariantGroup;
			children = (
				82010EC32728F89F00317476 /* Base */,
			);
			name = Main.storyboard;
			sourceTree = "<group>";
		};
		82010EC72728F8A300317476 /* LaunchScreen.storyboard */ = {
			isa = PBXVariantGroup;
			children = (
				82010EC82728F8A300317476 /* Base */,
			);
			name = LaunchScreen.storyboard;
			sourceTree = "<group>";
		};
/* End PBXVariantGroup section */

/* Begin XCBuildConfiguration section */
		82010ECB2728F8A300317476 /* Debug */ = {
			isa = XCBuildConfiguration;
			buildSettings = {
				ALWAYS_SEARCH_USER_PATHS = NO;
				CLANG_ANALYZER_NONNULL = YES;
				CLANG_ANALYZER_NUMBER_OBJECT_CONVERSION = YES_AGGRESSIVE;
				CLANG_CXX_LANGUAGE_STANDARD = "gnu++17";
				CLANG_CXX_LIBRARY = "libc++";
				CLANG_ENABLE_MODULES = YES;
				CLANG_ENABLE_OBJC_ARC = YES;
				CLANG_ENABLE_OBJC_WEAK = YES;
				CLANG_WARN_BLOCK_CAPTURE_AUTORELEASING = YES;
				CLANG_WARN_BOOL_CONVERSION = YES;
				CLANG_WARN_COMMA = YES;
				CLANG_WARN_CONSTANT_CONVERSION = YES;
				CLANG_WARN_DEPRECATED_OBJC_IMPLEMENTATIONS = YES;
				CLANG_WARN_DIRECT_OBJC_ISA_USAGE = YES_ERROR;
				CLANG_WARN_DOCUMENTATION_COMMENTS = YES;
				CLANG_WARN_EMPTY_BODY = YES;
				CLANG_WARN_ENUM_CONVERSION = YES;
				CLANG_WARN_INFINITE_RECURSION = YES;
				CLANG_WARN_INT_CONVERSION = YES;
				CLANG_WARN_NON_LITERAL_NULL_CONVERSION = YES;
				CLANG_WARN_OBJC_IMPLICIT_RETAIN_SELF = YES;
				CLANG_WARN_OBJC_LITERAL_CONVERSION = YES;
				CLANG_WARN_OBJC_ROOT_CLASS = YES_ERROR;
				CLANG_WARN_QUOTED_INCLUDE_IN_FRAMEWORK_HEADER = YES;
				CLANG_WARN_RANGE_LOOP_ANALYSIS = YES;
				CLANG_WARN_STRICT_PROTOTYPES = YES;
				CLANG_WARN_SUSPICIOUS_MOVE = YES;
				CLANG_WARN_UNGUARDED_AVAILABILITY = YES_AGGRESSIVE;
				CLANG_WARN_UNREACHABLE_CODE = YES;
				CLANG_WARN__DUPLICATE_METHOD_MATCH = YES;
				COPY_PHASE_STRIP = NO;
				DEBUG_INFORMATION_FORMAT = dwarf;
				ENABLE_STRICT_OBJC_MSGSEND = YES;
				ENABLE_TESTABILITY = YES;
				GCC_C_LANGUAGE_STANDARD = gnu11;
				GCC_DYNAMIC_NO_PIC = NO;
				GCC_NO_COMMON_BLOCKS = YES;
				GCC_OPTIMIZATION_LEVEL = 0;
				GCC_PREPROCESSOR_DEFINITIONS = (
					"DEBUG=1",
					"$(inherited)",
				);
				GCC_WARN_64_TO_32_BIT_CONVERSION = YES;
				GCC_WARN_ABOUT_RETURN_TYPE = YES_ERROR;
				GCC_WARN_UNDECLARED_SELECTOR = YES;
				GCC_WARN_UNINITIALIZED_AUTOS = YES_AGGRESSIVE;
				GCC_WARN_UNUSED_FUNCTION = YES;
				GCC_WARN_UNUSED_VARIABLE = YES;
				IPHONEOS_DEPLOYMENT_TARGET = 15.0;
				MTL_ENABLE_DEBUG_INFO = INCLUDE_SOURCE;
				MTL_FAST_MATH = YES;
				ONLY_ACTIVE_ARCH = YES;
				SDKROOT = iphoneos;
				SWIFT_ACTIVE_COMPILATION_CONDITIONS = DEBUG;
				SWIFT_OPTIMIZATION_LEVEL = "-Onone";
			};
			name = Debug;
		};
		82010ECC2728F8A300317476 /* Release */ = {
			isa = XCBuildConfiguration;
			buildSettings = {
				ALWAYS_SEARCH_USER_PATHS = NO;
				CLANG_ANALYZER_NONNULL = YES;
				CLANG_ANALYZER_NUMBER_OBJECT_CONVERSION = YES_AGGRESSIVE;
				CLANG_CXX_LANGUAGE_STANDARD = "gnu++17";
				CLANG_CXX_LIBRARY = "libc++";
				CLANG_ENABLE_MODULES = YES;
				CLANG_ENABLE_OBJC_ARC = YES;
				CLANG_ENABLE_OBJC_WEAK = YES;
				CLANG_WARN_BLOCK_CAPTURE_AUTORELEASING = YES;
				CLANG_WARN_BOOL_CONVERSION = YES;
				CLANG_WARN_COMMA = YES;
				CLANG_WARN_CONSTANT_CONVERSION = YES;
				CLANG_WARN_DEPRECATED_OBJC_IMPLEMENTATIONS = YES;
				CLANG_WARN_DIRECT_OBJC_ISA_USAGE = YES_ERROR;
				CLANG_WARN_DOCUMENTATION_COMMENTS = YES;
				CLANG_WARN_EMPTY_BODY = YES;
				CLANG_WARN_ENUM_CONVERSION = YES;
				CLANG_WARN_INFINITE_RECURSION = YES;
				CLANG_WARN_INT_CONVERSION = YES;
				CLANG_WARN_NON_LITERAL_NULL_CONVERSION = YES;
				CLANG_WARN_OBJC_IMPLICIT_RETAIN_SELF = YES;
				CLANG_WARN_OBJC_LITERAL_CONVERSION = YES;
				CLANG_WARN_OBJC_ROOT_CLASS = YES_ERROR;
				CLANG_WARN_QUOTED_INCLUDE_IN_FRAMEWORK_HEADER = YES;
				CLANG_WARN_RANGE_LOOP_ANALYSIS = YES;
				CLANG_WARN_STRICT_PROTOTYPES = YES;
				CLANG_WARN_SUSPICIOUS_MOVE = YES;
				CLANG_WARN_UNGUARDED_AVAILABILITY = YES_AGGRESSIVE;
				CLANG_WARN_UNREACHABLE_CODE = YES;
				CLANG_WARN__DUPLICATE_METHOD_MATCH = YES;
				COPY_PHASE_STRIP = NO;
				DEBUG_INFORMATION_FORMAT = "dwarf-with-dsym";
				ENABLE_NS_ASSERTIONS = NO;
				ENABLE_STRICT_OBJC_MSGSEND = YES;
				GCC_C_LANGUAGE_STANDARD = gnu11;
				GCC_NO_COMMON_BLOCKS = YES;
				GCC_WARN_64_TO_32_BIT_CONVERSION = YES;
				GCC_WARN_ABOUT_RETURN_TYPE = YES_ERROR;
				GCC_WARN_UNDECLARED_SELECTOR = YES;
				GCC_WARN_UNINITIALIZED_AUTOS = YES_AGGRESSIVE;
				GCC_WARN_UNUSED_FUNCTION = YES;
				GCC_WARN_UNUSED_VARIABLE = YES;
				IPHONEOS_DEPLOYMENT_TARGET = 15.0;
				MTL_ENABLE_DEBUG_INFO = NO;
				MTL_FAST_MATH = YES;
				SDKROOT = iphoneos;
				SWIFT_COMPILATION_MODE = wholemodule;
				SWIFT_OPTIMIZATION_LEVEL = "-O";
				VALIDATE_PRODUCT = YES;
			};
			name = Release;
		};
		82010ECE2728F8A300317476 /* Debug */ = {
			isa = XCBuildConfiguration;
			buildSettings = {
				ASSETCATALOG_COMPILER_APPICON_NAME = AppIcon;
				ASSETCATALOG_COMPILER_GLOBAL_ACCENT_COLOR_NAME = AccentColor;
				CODE_SIGN_STYLE = Automatic;
				CURRENT_PROJECT_VERSION = 1;
				DEVELOPMENT_TEAM = 3LTNY55YD7;
				GENERATE_INFOPLIST_FILE = YES;
				INFOPLIST_FILE = Axel_Mob_Dev_test/Info.plist;
				INFOPLIST_KEY_UIApplicationSupportsIndirectInputEvents = YES;
				INFOPLIST_KEY_UILaunchStoryboardName = LaunchScreen;
				INFOPLIST_KEY_UIMainStoryboardFile = Main;
				INFOPLIST_KEY_UISupportedInterfaceOrientations_iPad = "UIInterfaceOrientationPortrait UIInterfaceOrientationPortraitUpsideDown UIInterfaceOrientationLandscapeLeft UIInterfaceOrientationLandscapeRight";
				INFOPLIST_KEY_UISupportedInterfaceOrientations_iPhone = "UIInterfaceOrientationPortrait UIInterfaceOrientationLandscapeLeft UIInterfaceOrientationLandscapeRight";
				LD_RUNPATH_SEARCH_PATHS = (
					"$(inherited)",
					"@executable_path/Frameworks",
				);
				MARKETING_VERSION = 1.0;
				PRODUCT_BUNDLE_IDENTIFIER = "Dewan-Meadown.Axel-Mob-Dev-test";
				PRODUCT_NAME = "$(TARGET_NAME)";
				SWIFT_EMIT_LOC_STRINGS = YES;
				SWIFT_VERSION = 5.0;
				TARGETED_DEVICE_FAMILY = "1,2";
			};
			name = Debug;
		};
		82010ECF2728F8A300317476 /* Release */ = {
			isa = XCBuildConfiguration;
			buildSettings = {
				ASSETCATALOG_COMPILER_APPICON_NAME = AppIcon;
				ASSETCATALOG_COMPILER_GLOBAL_ACCENT_COLOR_NAME = AccentColor;
				CODE_SIGN_STYLE = Automatic;
				CURRENT_PROJECT_VERSION = 1;
				DEVELOPMENT_TEAM = 3LTNY55YD7;
				GENERATE_INFOPLIST_FILE = YES;
				INFOPLIST_FILE = Axel_Mob_Dev_test/Info.plist;
				INFOPLIST_KEY_UIApplicationSupportsIndirectInputEvents = YES;
				INFOPLIST_KEY_UILaunchStoryboardName = LaunchScreen;
				INFOPLIST_KEY_UIMainStoryboardFile = Main;
				INFOPLIST_KEY_UISupportedInterfaceOrientations_iPad = "UIInterfaceOrientationPortrait UIInterfaceOrientationPortraitUpsideDown UIInterfaceOrientationLandscapeLeft UIInterfaceOrientationLandscapeRight";
				INFOPLIST_KEY_UISupportedInterfaceOrientations_iPhone = "UIInterfaceOrientationPortrait UIInterfaceOrientationLandscapeLeft UIInterfaceOrientationLandscapeRight";
				LD_RUNPATH_SEARCH_PATHS = (
					"$(inherited)",
					"@executable_path/Frameworks",
				);
				MARKETING_VERSION = 1.0;
				PRODUCT_BUNDLE_IDENTIFIER = "Dewan-Meadown.Axel-Mob-Dev-test";
				PRODUCT_NAME = "$(TARGET_NAME)";
				SWIFT_EMIT_LOC_STRINGS = YES;
				SWIFT_VERSION = 5.0;
				TARGETED_DEVICE_FAMILY = "1,2";
			};
			name = Release;
		};
/* End XCBuildConfiguration section */

/* Begin XCConfigurationList section */
		82010EB42728F89F00317476 /* Build configuration list for PBXProject "Axel_Mob_Dev_test" */ = {
			isa = XCConfigurationList;
			buildConfigurations = (
				82010ECB2728F8A300317476 /* Debug */,
				82010ECC2728F8A300317476 /* Release */,
			);
			defaultConfigurationIsVisible = 0;
			defaultConfigurationName = Release;
		};
		82010ECD2728F8A300317476 /* Build configuration list for PBXNativeTarget "Axel_Mob_Dev_test" */ = {
			isa = XCConfigurationList;
			buildConfigurations = (
				82010ECE2728F8A300317476 /* Debug */,
				82010ECF2728F8A300317476 /* Release */,
			);
			defaultConfigurationIsVisible = 0;
			defaultConfigurationName = Release;
		};
/* End XCConfigurationList section */
	};
	rootObject = 82010EB12728F89F00317476 /* Project object */;
}
